{
  "requires": true,
  "lockfileVersion": 1,
  "dependencies": {
    "ftp": {
      "version": "0.3.10",
      "resolved": "https://registry.npmjs.org/ftp/-/ftp-0.3.10.tgz",
      "integrity": "sha1-kZfYYa2BQvPmPVqDv+TFn3MwiF0=",
      "requires": {
        "readable-stream": "1.1.13",
        "xregexp": "2.0.0"
      },
      "dependencies": {
        "readable-stream": {
          "version": "1.1.13",
          "resolved": "https://registry.npmjs.org/readable-stream/-/readable-stream-1.1.13.tgz",
          "integrity": "sha1-9u73ZPUUyJ4rniMUanW6EGdW0j4=",
          "requires": {
            "core-util-is": "1.0.1",
            "inherits": "2.0.1",
            "isarray": "0.0.1",
            "string_decoder": "0.10.31"
          },
          "dependencies": {
            "core-util-is": {
              "version": "1.0.1",
              "resolved": "https://registry.npmjs.org/core-util-is/-/core-util-is-1.0.1.tgz",
              "integrity": "sha1-awcIWu+aPMrG7lO/nT3wwVIaVTg="
            },
            "inherits": {
              "version": "2.0.1",
              "resolved": "https://registry.npmjs.org/inherits/-/inherits-2.0.1.tgz",
              "integrity": "sha1-sX0I0ya0Qj5Wjv9xn5GwscvfafE="
            },
            "isarray": {
              "version": "0.0.1",
              "resolved": "https://registry.npmjs.org/isarray/-/isarray-0.0.1.tgz",
              "integrity": "sha1-ihis/Kmo9Bd+Cav8YDiTmwXR7t8="
            },
            "string_decoder": {
              "version": "0.10.31",
              "resolved": "https://registry.npmjs.org/string_decoder/-/string_decoder-0.10.31.tgz",
              "integrity": "sha1-YuIDvEF2bGwoyfyEMB2rHFMQ+pQ="
            }
          }
        },
        "xregexp": {
          "version": "2.0.0",
          "resolved": "https://registry.npmjs.org/xregexp/-/xregexp-2.0.0.tgz",
          "integrity": "sha1-UqY+VsoLhKfzpfPWGHLxJq16WUM="
        }
      }
    },
    "jsftp": {
      "version": "1.5.2",
      "resolved": "https://registry.npmjs.org/jsftp/-/jsftp-1.5.2.tgz",
      "integrity": "sha1-JZ6eQ0ueXw6rbO9Ttz6govI7dwQ=",
      "requires": {
        "debug": "2.1.1",
        "event-stream": "3.1.7",
        "ftp-response-parser": "1.0.0",
        "once": "1.3.0",
        "parse-listing": "1.1.2",
        "unorm": "1.3.3"
      },
      "dependencies": {
        "debug": {
          "version": "2.1.1",
          "resolved": "https://registry.npmjs.org/debug/-/debug-2.1.1.tgz",
          "integrity": "sha1-4MVIzGB63CK1N1QNw2OcQjb9+Qw=",
          "requires": {
            "ms": "0.6.2"
          },
          "dependencies": {
            "ms": {
              "version": "0.6.2",
              "resolved": "https://registry.npmjs.org/ms/-/ms-0.6.2.tgz",
              "integrity": "sha1-2JwhJMb9wTU9Zai3e/GqxLGTcIw="
            }
          }
        },
        "event-stream": {
          "version": "3.1.7",
          "resolved": "https://registry.npmjs.org/event-stream/-/event-stream-3.1.7.tgz",
          "integrity": "sha1-tMVAAS0P4UmEIPPYlGAI22OTw3o=",
          "requires": {
            "duplexer": "0.1.1",
            "from": "0.1.3",
            "map-stream": "0.1.0",
            "pause-stream": "0.0.11",
            "split": "0.2.10",
            "stream-combiner": "0.0.4",
            "through": "2.3.8"
          },
          "dependencies": {
            "duplexer": {
              "version": "0.1.1",
              "resolved": "https://registry.npmjs.org/duplexer/-/duplexer-0.1.1.tgz",
              "integrity": "sha1-rOb/gIwc5mtX0ev5eXessCM0z8E="
            },
            "from": {
              "version": "0.1.3",
              "resolved": "https://registry.npmjs.org/from/-/from-0.1.3.tgz",
              "integrity": "sha1-72OsIGKsMqz3hi4NQLRLiW8i87w="
            },
            "map-stream": {
              "version": "0.1.0",
              "resolved": "https://registry.npmjs.org/map-stream/-/map-stream-0.1.0.tgz",
              "integrity": "sha1-5WqpTEyAVaFkBKBnS3jyFffI4ZQ="
            },
            "pause-stream": {
              "version": "0.0.11",
              "resolved": "https://registry.npmjs.org/pause-stream/-/pause-stream-0.0.11.tgz",
              "integrity": "sha1-/lo0sMvOErWqaitAPuLnO2AvFEU=",
              "requires": {
                "through": "2.3.8"
              }
            },
            "split": {
              "version": "0.2.10",
              "resolved": "https://registry.npmjs.org/split/-/split-0.2.10.tgz",
              "integrity": "sha1-Zwl8YB1pfOE2j0GPBs0gHPBSGlc=",
              "requires": {
                "through": "2.3.8"
              }
            },
            "stream-combiner": {
              "version": "0.0.4",
              "resolved": "https://registry.npmjs.org/stream-combiner/-/stream-combiner-0.0.4.tgz",
              "integrity": "sha1-TV5DPBhSYd3mI8o/RMWGvPXErRQ=",
              "requires": {
                "duplexer": "0.1.1"
              }
            },
            "through": {
              "version": "2.3.8",
              "resolved": "https://registry.npmjs.org/through/-/through-2.3.8.tgz",
              "integrity": "sha1-DdTJ/6q8NXlgsbckEV1+Doai4fU="
            }
          }
        },
        "ftp-response-parser": {
          "version": "1.0.0",
          "resolved": "https://registry.npmjs.org/ftp-response-parser/-/ftp-response-parser-1.0.0.tgz",
          "integrity": "sha1-OWhja5INvYykVjVRKtrKsKXzutA=",
          "requires": {
            "readable-stream": "1.1.13"
          },
          "dependencies": {
            "readable-stream": {
              "version": "1.1.13",
              "resolved": "https://registry.npmjs.org/readable-stream/-/readable-stream-1.1.13.tgz",
              "integrity": "sha1-9u73ZPUUyJ4rniMUanW6EGdW0j4=",
              "requires": {
                "core-util-is": "1.0.1",
                "inherits": "2.0.1",
                "isarray": "0.0.1",
                "string_decoder": "0.10.31"
              },
              "dependencies": {
                "core-util-is": {
                  "version": "1.0.1",
                  "resolved": "https://registry.npmjs.org/core-util-is/-/core-util-is-1.0.1.tgz",
                  "integrity": "sha1-awcIWu+aPMrG7lO/nT3wwVIaVTg="
                },
                "inherits": {
                  "version": "2.0.1",
                  "resolved": "https://registry.npmjs.org/inherits/-/inherits-2.0.1.tgz",
                  "integrity": "sha1-sX0I0ya0Qj5Wjv9xn5GwscvfafE="
                },
                "isarray": {
                  "version": "0.0.1",
                  "resolved": "https://registry.npmjs.org/isarray/-/isarray-0.0.1.tgz",
                  "integrity": "sha1-ihis/Kmo9Bd+Cav8YDiTmwXR7t8="
                },
                "string_decoder": {
                  "version": "0.10.31",
                  "resolved": "https://registry.npmjs.org/string_decoder/-/string_decoder-0.10.31.tgz",
                  "integrity": "sha1-YuIDvEF2bGwoyfyEMB2rHFMQ+pQ="
                }
              }
            }
          }
        },
        "once": {
          "version": "1.3.0",
          "resolved": "https://registry.npmjs.org/once/-/once-1.3.0.tgz",
          "integrity": "sha1-FRr4a/wfCMS58H0GqyUP/L61ZYE="
        },
        "parse-listing": {
          "version": "1.1.2",
          "resolved": "https://registry.npmjs.org/parse-listing/-/parse-listing-1.1.2.tgz",
          "integrity": "sha1-NmEVZCjrnpyCZ1kx/+WRd1yfZ0Y="
        },
        "unorm": {
          "version": "1.3.3",
          "resolved": "https://registry.npmjs.org/unorm/-/unorm-1.3.3.tgz",
          "integrity": "sha1-Fqh3JnHr1vfN5vjF5Ju2CsR9upM="
        }
      }
    },
    "ramda": {
      "version": "0.18.0",
      "resolved": "https://registry.npmjs.org/ramda/-/ramda-0.18.0.tgz",
      "integrity": "sha1-xuPF1LmrH3kGcn/e6wORUqhdTbM="
    },
    "rx": {
      "version": "4.0.6",
      "resolved": "https://registry.npmjs.org/rx/-/rx-4.0.6.tgz",
      "integrity": "sha1-KHdKqENS0MAQUU62mdcUEl6upDY="
    },
    "rx-node": {
      "version": "1.0.1",
      "resolved": "https://registry.npmjs.org/rx-node/-/rx-node-1.0.1.tgz",
      "integrity": "sha1-2RsPNdDMwRMbrj0cuk2Fu9Ob6eY=",
      "requires": {
        "rx": "4.0.6"
      },
      "dependencies": {
        "rx": {
          "version": "4.0.6",
          "resolved": "https://registry.npmjs.org/rx/-/rx-4.0.6.tgz",
          "integrity": "sha1-KHdKqENS0MAQUU62mdcUEl6upDY="
        }
      }
    },
    "touch": {
      "version": "1.0.0",
      "resolved": "https://registry.npmjs.org/touch/-/touch-1.0.0.tgz",
      "integrity": "sha1-RJy+LbrlqMgDjjDXH6D/RklHxN4=",
      "requires": {
        "nopt": "1.0.10"
      },
      "dependencies": {
        "nopt": {
          "version": "1.0.10",
          "resolved": "https://registry.npmjs.org/nopt/-/nopt-1.0.10.tgz",
          "integrity": "sha1-bd0hvSoxQXuScn3Vhfim83YI6+4=",
          "requires": {
            "abbrev": "1.0.7"
          },
          "dependencies": {
            "abbrev": {
              "version": "1.0.7",
              "resolved": "https://registry.npmjs.org/abbrev/-/abbrev-1.0.7.tgz",
              "integrity": "sha1-W2A1su6dT7XPhZ8Iqb6BsghJGEM="
            }
          }
        }
      }
    }
  }
}
